
Microsoft Visual Studio Solution File, Format Version 12.00
# Visual Studio Version 17
VisualStudioVersion = 17.9.34728.123
MinimumVisualStudioVersion = 10.0.40219.1
Project("{FAE04EC0-301F-11D3-BF4B-00C04F79EFBC}") = "Controllers", "Controllers\Controllers.csproj", "{28079FC6-4FAA-46E1-983E-13D600298F16}"
EndProject
Project("{FAE04EC0-301F-11D3-BF4B-00C04F79EFBC}") = "Services", "Services\Services.csproj", "{894B7887-A227-4ED8-9442-738C05C53370}"
EndProject
Project("{FAE04EC0-301F-11D3-BF4B-00C04F79EFBC}") = "Repositories", "Repositories\Repositories.csproj", "{B6D3291F-0494-47D3-9916-9E4CCC5097E3}"
EndProject
Project("{9A19103F-16F7-4668-BE54-9A1E7A4F7556}") = "Models", "..\DataGeneration\Models\Models.csproj", "{F4BE48A8-3895-48A5-98CA-D21050D281F8}"
EndProject
Project("{9A19103F-16F7-4668-BE54-9A1E7A4F7556}") = "Main", "..\DataGeneration\Main\Main.csproj", "{DFCA6A0F-4AB5-4FDF-B330-406F0776A943}"
EndProject
Project("{9A19103F-16F7-4668-BE54-9A1E7A4F7556}") = "Utilities", "..\DataGeneration\Utilities\Utilities.csproj", "{4F7F80B8-41D9-4252-95D3-7F0B135C926F}"
EndProject
Global
	GlobalSection(SolutionConfigurationPlatforms) = preSolution
		Debug|Any CPU = Debug|Any CPU
		Release|Any CPU = Release|Any CPU
	EndGlobalSection
	GlobalSection(ProjectConfigurationPlatforms) = postSolution
		{28079FC6-4FAA-46E1-983E-13D600298F16}.Debug|Any CPU.ActiveCfg = Debug|Any CPU
		{28079FC6-4FAA-46E1-983E-13D600298F16}.Debug|Any CPU.Build.0 = Debug|Any CPU
		{28079FC6-4FAA-46E1-983E-13D600298F16}.Release|Any CPU.ActiveCfg = Release|Any CPU
		{28079FC6-4FAA-46E1-983E-13D600298F16}.Release|Any CPU.Build.0 = Release|Any CPU
		{894B7887-A227-4ED8-9442-738C05C53370}.Debug|Any CPU.ActiveCfg = Debug|Any CPU
		{894B7887-A227-4ED8-9442-738C05C53370}.Debug|Any CPU.Build.0 = Debug|Any CPU
		{894B7887-A227-4ED8-9442-738C05C53370}.Release|Any CPU.ActiveCfg = Release|Any CPU
		{894B7887-A227-4ED8-9442-738C05C53370}.Release|Any CPU.Build.0 = Release|Any CPU
		{B6D3291F-0494-47D3-9916-9E4CCC5097E3}.Debug|Any CPU.ActiveCfg = Debug|Any CPU
		{B6D3291F-0494-47D3-9916-9E4CCC5097E3}.Debug|Any CPU.Build.0 = Debug|Any CPU
		{B6D3291F-0494-47D3-9916-9E4CCC5097E3}.Release|Any CPU.ActiveCfg = Release|Any CPU
		{B6D3291F-0494-47D3-9916-9E4CCC5097E3}.Release|Any CPU.Build.0 = Release|Any CPU
		{F4BE48A8-3895-48A5-98CA-D21050D281F8}.Debug|Any CPU.ActiveCfg = Debug|Any CPU
		{F4BE48A8-3895-48A5-98CA-D21050D281F8}.Debug|Any CPU.Build.0 = Debug|Any CPU
		{F4BE48A8-3895-48A5-98CA-D21050D281F8}.Release|Any CPU.ActiveCfg = Release|Any CPU
		{F4BE48A8-3895-48A5-98CA-D21050D281F8}.Release|Any CPU.Build.0 = Release|Any CPU
		{DFCA6A0F-4AB5-4FDF-B330-406F0776A943}.Debug|Any CPU.ActiveCfg = Debug|Any CPU
		{DFCA6A0F-4AB5-4FDF-B330-406F0776A943}.Debug|Any CPU.Build.0 = Debug|Any CPU
		{DFCA6A0F-4AB5-4FDF-B330-406F0776A943}.Release|Any CPU.ActiveCfg = Release|Any CPU
		{DFCA6A0F-4AB5-4FDF-B330-406F0776A943}.Release|Any CPU.Build.0 = Release|Any CPU
		{4F7F80B8-41D9-4252-95D3-7F0B135C926F}.Debug|Any CPU.ActiveCfg = Debug|Any CPU
		{4F7F80B8-41D9-4252-95D3-7F0B135C926F}.Debug|Any CPU.Build.0 = Debug|Any CPU
		{4F7F80B8-41D9-4252-95D3-7F0B135C926F}.Release|Any CPU.ActiveCfg = Release|Any CPU
		{4F7F80B8-41D9-4252-95D3-7F0B135C926F}.Release|Any CPU.Build.0 = Release|Any CPU
	EndGlobalSection
	GlobalSection(SolutionProperties) = preSolution
		HideSolutionNode = FALSE
	EndGlobalSection
	GlobalSection(ExtensibilityGlobals) = postSolution
		SolutionGuid = {45E2B99A-E9D4-424E-81F7-E264473BB523}
	EndGlobalSection
EndGlobal
