
Microsoft Visual Studio Solution File, Format Version 12.00
# Visual Studio Version 17
VisualStudioVersion = 17.9.34728.123
MinimumVisualStudioVersion = 10.0.40219.1
Project("{9A19103F-16F7-4668-BE54-9A1E7A4F7556}") = "Controllers", "..\DataIngestion\Controllers\Controllers.csproj", "{91CED5F8-9093-46BD-8D98-167BA08C91A1}"
EndProject
Project("{9A19103F-16F7-4668-BE54-9A1E7A4F7556}") = "Repositories", "..\DataIngestion\Repositories\Repositories.csproj", "{847BFA45-7653-4254-8704-7C3A410C8F0B}"
EndProject
Project("{9A19103F-16F7-4668-BE54-9A1E7A4F7556}") = "Models", "..\DataGeneration\Models\Models.csproj", "{AB7C3B7F-D411-4E1E-BBBE-380F7211E409}"
EndProject
Project("{9A19103F-16F7-4668-BE54-9A1E7A4F7556}") = "Utilities", "..\DataGeneration\Utilities\Utilities.csproj", "{A5A46493-EB44-4615-8734-517DBA858344}"
EndProject
Project("{FAE04EC0-301F-11D3-BF4B-00C04F79EFBC}") = "Main", "Main\Main.csproj", "{B955C508-97D7-4416-AA82-4597F9681838}"
EndProject
Project("{9A19103F-16F7-4668-BE54-9A1E7A4F7556}") = "Services", "..\DataIngestion\Services\Services.csproj", "{C41E5AA9-D670-438C-B759-BAEF3C3D1B14}"
EndProject
Global
	GlobalSection(SolutionConfigurationPlatforms) = preSolution
		Debug|Any CPU = Debug|Any CPU
		Release|Any CPU = Release|Any CPU
	EndGlobalSection
	GlobalSection(ProjectConfigurationPlatforms) = postSolution
		{91CED5F8-9093-46BD-8D98-167BA08C91A1}.Debug|Any CPU.ActiveCfg = Debug|Any CPU
		{91CED5F8-9093-46BD-8D98-167BA08C91A1}.Debug|Any CPU.Build.0 = Debug|Any CPU
		{91CED5F8-9093-46BD-8D98-167BA08C91A1}.Release|Any CPU.ActiveCfg = Release|Any CPU
		{91CED5F8-9093-46BD-8D98-167BA08C91A1}.Release|Any CPU.Build.0 = Release|Any CPU
		{847BFA45-7653-4254-8704-7C3A410C8F0B}.Debug|Any CPU.ActiveCfg = Debug|Any CPU
		{847BFA45-7653-4254-8704-7C3A410C8F0B}.Debug|Any CPU.Build.0 = Debug|Any CPU
		{847BFA45-7653-4254-8704-7C3A410C8F0B}.Release|Any CPU.ActiveCfg = Release|Any CPU
		{847BFA45-7653-4254-8704-7C3A410C8F0B}.Release|Any CPU.Build.0 = Release|Any CPU
		{AB7C3B7F-D411-4E1E-BBBE-380F7211E409}.Debug|Any CPU.ActiveCfg = Debug|Any CPU
		{AB7C3B7F-D411-4E1E-BBBE-380F7211E409}.Debug|Any CPU.Build.0 = Debug|Any CPU
		{AB7C3B7F-D411-4E1E-BBBE-380F7211E409}.Release|Any CPU.ActiveCfg = Release|Any CPU
		{AB7C3B7F-D411-4E1E-BBBE-380F7211E409}.Release|Any CPU.Build.0 = Release|Any CPU
		{A5A46493-EB44-4615-8734-517DBA858344}.Debug|Any CPU.ActiveCfg = Debug|Any CPU
		{A5A46493-EB44-4615-8734-517DBA858344}.Debug|Any CPU.Build.0 = Debug|Any CPU
		{A5A46493-EB44-4615-8734-517DBA858344}.Release|Any CPU.ActiveCfg = Release|Any CPU
		{A5A46493-EB44-4615-8734-517DBA858344}.Release|Any CPU.Build.0 = Release|Any CPU
		{B955C508-97D7-4416-AA82-4597F9681838}.Debug|Any CPU.ActiveCfg = Debug|Any CPU
		{B955C508-97D7-4416-AA82-4597F9681838}.Debug|Any CPU.Build.0 = Debug|Any CPU
		{B955C508-97D7-4416-AA82-4597F9681838}.Release|Any CPU.ActiveCfg = Release|Any CPU
		{B955C508-97D7-4416-AA82-4597F9681838}.Release|Any CPU.Build.0 = Release|Any CPU
		{C41E5AA9-D670-438C-B759-BAEF3C3D1B14}.Debug|Any CPU.ActiveCfg = Debug|Any CPU
		{C41E5AA9-D670-438C-B759-BAEF3C3D1B14}.Debug|Any CPU.Build.0 = Debug|Any CPU
		{C41E5AA9-D670-438C-B759-BAEF3C3D1B14}.Release|Any CPU.ActiveCfg = Release|Any CPU
		{C41E5AA9-D670-438C-B759-BAEF3C3D1B14}.Release|Any CPU.Build.0 = Release|Any CPU
	EndGlobalSection
	GlobalSection(SolutionProperties) = preSolution
		HideSolutionNode = FALSE
	EndGlobalSection
	GlobalSection(ExtensibilityGlobals) = postSolution
		SolutionGuid = {D9BFE476-4FA9-424A-9E78-C384F5DDE84C}
	EndGlobalSection
EndGlobal
